
Microsoft Visual Studio Solution File, Format Version 12.00
# Visual Studio Version 17
VisualStudioVersion = 17.11.35312.102
MinimumVisualStudioVersion = 10.0.40219.1
Project("{FAE04EC0-301F-11D3-BF4B-00C04F79EFBC}") = "CSC102_Final_Project", "CSC102_Final_Project.csproj", "{7B231388-4C8C-4912-9608-EA015A220C87}"
EndProject
Global
	GlobalSection(SolutionConfigurationPlatforms) = preSolution
		Debug|Any CPU = Debug|Any CPU
		Release|Any CPU = Release|Any CPU
	EndGlobalSection
	GlobalSection(ProjectConfigurationPlatforms) = postSolution
		{7B231388-4C8C-4912-9608-EA015A220C87}.Debug|Any CPU.ActiveCfg = Debug|Any CPU
		{7B231388-4C8C-4912-9608-EA015A220C87}.Debug|Any CPU.Build.0 = Debug|Any CPU
		{7B231388-4C8C-4912-9608-EA015A220C87}.Release|Any CPU.ActiveCfg = Release|Any CPU
		{7B231388-4C8C-4912-9608-EA015A220C87}.Release|Any CPU.Build.0 = Release|Any CPU
	EndGlobalSection
	GlobalSection(SolutionProperties) = preSolution
		HideSolutionNode = FALSE
	EndGlobalSection
	GlobalSection(ExtensibilityGlobals) = postSolution
		SolutionGuid = {35F3D259-F79B-454B-AFB8-2B6B59089D9D}
	EndGlobalSection
EndGlobal
